
Microsoft Visual Studio Solution File, Format Version 12.00
# Visual Studio Version 17
VisualStudioVersion = 17.7.34221.43
MinimumVisualStudioVersion = 10.0.40219.1
Project("{FAE04EC0-301F-11D3-BF4B-00C04F79EFBC}") = "EventsPoster.WebAPI", "EventsPoster.WebAPI\EventsPoster.WebAPI.csproj", "{FAB89BA5-0AD6-494C-9F98-ACDE346963B8}"
EndProject
Global
	GlobalSection(SolutionConfigurationPlatforms) = preSolution
		Debug|Any CPU = Debug|Any CPU
		Release|Any CPU = Release|Any CPU
	EndGlobalSection
	GlobalSection(ProjectConfigurationPlatforms) = postSolution
		{FAB89BA5-0AD6-494C-9F98-ACDE346963B8}.Debug|Any CPU.ActiveCfg = Debug|Any CPU
		{FAB89BA5-0AD6-494C-9F98-ACDE346963B8}.Debug|Any CPU.Build.0 = Debug|Any CPU
		{FAB89BA5-0AD6-494C-9F98-ACDE346963B8}.Release|Any CPU.ActiveCfg = Release|Any CPU
		{FAB89BA5-0AD6-494C-9F98-ACDE346963B8}.Release|Any CPU.Build.0 = Release|Any CPU
	EndGlobalSection
	GlobalSection(SolutionProperties) = preSolution
		HideSolutionNode = FALSE
	EndGlobalSection
	GlobalSection(ExtensibilityGlobals) = postSolution
		SolutionGuid = {3C5412C3-1D24-4A4A-B16A-1CD88EB05471}
	EndGlobalSection
EndGlobal
